
Microsoft Visual Studio Solution File, Format Version 12.00
# Visual Studio Version 16
VisualStudioVersion = 16.0.30523.141
MinimumVisualStudioVersion = 10.0.40219.1
Project("{FAE04EC0-301F-11D3-BF4B-00C04F79EFBC}") = "Minesweeper", "Minesweeper.csproj", "{A53C2F9D-5252-4D2E-B0BE-D1921BEE2AAC}"
EndProject
Global
	GlobalSection(SolutionConfigurationPlatforms) = preSolution
		Debug|Any CPU = Debug|Any CPU
		Release|Any CPU = Release|Any CPU
	EndGlobalSection
	GlobalSection(ProjectConfigurationPlatforms) = postSolution
		{A53C2F9D-5252-4D2E-B0BE-D1921BEE2AAC}.Debug|Any CPU.ActiveCfg = Debug|Any CPU
		{A53C2F9D-5252-4D2E-B0BE-D1921BEE2AAC}.Debug|Any CPU.Build.0 = Debug|Any CPU
		{A53C2F9D-5252-4D2E-B0BE-D1921BEE2AAC}.Release|Any CPU.ActiveCfg = Release|Any CPU
		{A53C2F9D-5252-4D2E-B0BE-D1921BEE2AAC}.Release|Any CPU.Build.0 = Release|Any CPU
	EndGlobalSection
	GlobalSection(SolutionProperties) = preSolution
		HideSolutionNode = FALSE
	EndGlobalSection
	GlobalSection(ExtensibilityGlobals) = postSolution
		SolutionGuid = {9322CE11-1061-4C61-AF58-BA1D8B76E0D4}
	EndGlobalSection
EndGlobal
